<?xml version="1.0" encoding="utf-8"?>
<Project ToolsVersion="4.0" xmlns="http://schemas.microsoft.com/developer/msbuild/2003">
  <ItemGroup>
    <Filter Include="Source Files">
      <UniqueIdentifier>{4FC737F1-C7A5-4376-A066-2A32D752A2FF}</UniqueIdentifier>
      <Extensions>cpp;c;cc;cxx;c++;cppm;ixx;def;odl;idl;hpj;bat;asm;asmx</Extensions>
    </Filter>
    <Filter Include="Header Files">
      <UniqueIdentifier>{93995380-89BD-4b04-88EB-625FBE52EBFB}</UniqueIdentifier>
      <Extensions>h;hh;hpp;hxx;h++;hm;inl;inc;ipp;xsd</Extensions>
    </Filter>
    <Filter Include="Resource Files">
      <UniqueIdentifier>{67DA6AB6-F800-4c08-8B7A-83BB121AAD01}</UniqueIdentifier>
      <Extensions>rc;ico;cur;bmp;dlg;rc2;rct;bin;rgs;gif;jpg;jpeg;jpe;resx;tiff;tif;png;wav;mfcribbon-ms</Extensions>
    </Filter>
  </ItemGroup>
  <ItemGroup>
    <ClCompile Include="BasicBlock.cpp">
      <Filter>Source Files</Filter>
    </ClCompile>
    <ClCompile Include="CFG.cpp">
      <Filter>Source Files</Filter>
    </ClCompile>
    <ClCompile Include="arpl.cpp">
      <Filter>Source Files</Filter>
    </ClCompile>
    <ClCompile Include="CodeGenerator.cpp">
      <Filter>Source Files</Filter>
    </ClCompile>
    <ClCompile Include="Compiler.cpp">
      <Filter>Source Files</Filter>
    </ClCompile>
    <ClCompile Include="Cpu.cpp">
      <Filter>Source Files</Filter>
    </ClCompile>
    <ClCompile Include="CSE.cpp">
      <Filter>Source Files</Filter>
    </ClCompile>
    <ClCompile Include="CSETable.cpp">
      <Filter>Source Files</Filter>
    </ClCompile>
    <ClCompile Include="Declaration.cpp">
      <Filter>Source Files</Filter>
    </ClCompile>
    <ClCompile Include="ENODE.cpp">
      <Filter>Source Files</Filter>
    </ClCompile>
    <ClCompile Include="err.cpp">
      <Filter>Source Files</Filter>
    </ClCompile>
    <ClCompile Include="Expression.cpp">
      <Filter>Source Files</Filter>
    </ClCompile>
    <ClCompile Include="ExpressionFactory.cpp">
      <Filter>Source Files</Filter>
    </ClCompile>
    <ClCompile Include="Float128.cpp">
      <Filter>Source Files</Filter>
    </ClCompile>
    <ClCompile Include="Forcefit.cpp">
      <Filter>Source Files</Filter>
    </ClCompile>
    <ClCompile Include="Forest.cpp">
      <Filter>Source Files</Filter>
    </ClCompile>
    <ClCompile Include="Function.cpp">
      <Filter>Source Files</Filter>
    </ClCompile>
    <ClCompile Include="FunctionFactory.cpp">
      <Filter>Source Files</Filter>
    </ClCompile>
    <ClCompile Include="GenerateBitfield.cpp">
      <Filter>Source Files</Filter>
    </ClCompile>
    <ClCompile Include="glo.cpp">
      <Filter>Source Files</Filter>
    </ClCompile>
    <ClCompile Include="IdentifyKeyword.cpp">
      <Filter>Source Files</Filter>
    </ClCompile>
    <ClCompile Include="IGraph.cpp">
      <Filter>Source Files</Filter>
    </ClCompile>
    <ClCompile Include="Initializers.cpp">
      <Filter>Source Files</Filter>
    </ClCompile>
    <ClCompile Include="Instruction.cpp">
      <Filter>Source Files</Filter>
    </ClCompile>
    <ClCompile Include="Int80.cpp">
      <Filter>Source Files</Filter>
    </ClCompile>
    <ClCompile Include="Int128.cpp">
      <Filter>Source Files</Filter>
    </ClCompile>
    <ClCompile Include="Int256.cpp">
      <Filter>Source Files</Filter>
    </ClCompile>
    <ClCompile Include="Intexpr.cpp">
      <Filter>Source Files</Filter>
    </ClCompile>
    <ClCompile Include="List.cpp">
      <Filter>Source Files</Filter>
    </ClCompile>
    <ClCompile Include="LTRIM.Cpp">
      <Filter>Source Files</Filter>
    </ClCompile>
    <ClCompile Include="MachineReg.cpp">
      <Filter>Source Files</Filter>
    </ClCompile>
    <ClCompile Include="MemoryManagement.cpp">
      <Filter>Source Files</Filter>
    </ClCompile>
    <ClCompile Include="NextToken.cpp">
      <Filter>Source Files</Filter>
    </ClCompile>
    <ClCompile Include="Object.cpp">
      <Filter>Source Files</Filter>
    </ClCompile>
    <ClCompile Include="ocode.cpp">
      <Filter>Source Files</Filter>
    </ClCompile>
    <ClCompile Include="Operand.cpp">
      <Filter>Source Files</Filter>
    </ClCompile>
    <ClCompile Include="OperandFactory.cpp">
      <Filter>Source Files</Filter>
    </ClCompile>
    <ClCompile Include="Optimize.cpp">
      <Filter>Source Files</Filter>
    </ClCompile>
    <ClCompile Include="Outcode.cpp">
      <Filter>Source Files</Filter>
    </ClCompile>
    <ClCompile Include="ParseClassDeclaration.cpp">
      <Filter>Source Files</Filter>
    </ClCompile>
    <ClCompile Include="ParseDeclarations.cpp">
      <Filter>Source Files</Filter>
    </ClCompile>
    <ClCompile Include="ParseEnumDeclaration.cpp">
      <Filter>Source Files</Filter>
    </ClCompile>
    <ClCompile Include="ParseExpressions.cpp">
      <Filter>Source Files</Filter>
    </ClCompile>
    <ClCompile Include="Peepgen.cpp">
      <Filter>Source Files</Filter>
    </ClCompile>
    <ClCompile Include="PeepList.cpp">
      <Filter>Source Files</Filter>
    </ClCompile>
    <ClCompile Include="Posit16.cpp">
      <Filter>Source Files</Filter>
    </ClCompile>
    <ClCompile Include="Posit32.cpp">
      <Filter>Source Files</Filter>
    </ClCompile>
    <ClCompile Include="Posit64.cpp">
      <Filter>Source Files</Filter>
    </ClCompile>
    <ClCompile Include="Posit64DividerLUT.cpp">
      <Filter>Source Files</Filter>
    </ClCompile>
    <ClCompile Include="Preprocessor.cpp">
      <Filter>Source Files</Filter>
    </ClCompile>
    <ClCompile Include="rand.cpp">
      <Filter>Source Files</Filter>
    </ClCompile>
    <ClCompile Include="Range.cpp">
      <Filter>Source Files</Filter>
    </ClCompile>
    <ClCompile Include="Register.cpp">
      <Filter>Source Files</Filter>
    </ClCompile>
    <ClCompile Include="Riscv.cpp">
      <Filter>Source Files</Filter>
    </ClCompile>
    <ClCompile Include="rtrim.cpp">
      <Filter>Source Files</Filter>
    </ClCompile>
    <ClCompile Include="searchenv.cpp">
      <Filter>Source Files</Filter>
    </ClCompile>
    <ClCompile Include="Set.cpp">
      <Filter>Source Files</Filter>
    </ClCompile>
    <ClCompile Include="Statement.cpp">
      <Filter>Source Files</Filter>
    </ClCompile>
    <ClCompile Include="StatementFactory.cpp">
      <Filter>Source Files</Filter>
    </ClCompile>
    <ClCompile Include="StatementGenerator.cpp">
      <Filter>Source Files</Filter>
    </ClCompile>
    <ClCompile Include="stdafx.cpp">
      <Filter>Source Files</Filter>
    </ClCompile>
    <ClCompile Include="StructDeclaration.cpp">
      <Filter>Source Files</Filter>
    </ClCompile>
    <ClCompile Include="Switch.cpp">
      <Filter>Source Files</Filter>
    </ClCompile>
    <ClCompile Include="Symbol.cpp">
      <Filter>Source Files</Filter>
    </ClCompile>
    <ClCompile Include="SymbolFactory.cpp">
      <Filter>Source Files</Filter>
    </ClCompile>
    <ClCompile Include="Table.cpp">
      <Filter>Source Files</Filter>
    </ClCompile>
    <ClCompile Include="temp.cpp">
      <Filter>Source Files</Filter>
    </ClCompile>
    <ClCompile Include="txtStream.cpp">
      <Filter>Source Files</Filter>
    </ClCompile>
    <ClCompile Include="Type.cpp">
      <Filter>Source Files</Filter>
    </ClCompile>
    <ClCompile Include="TypeArray.cpp">
      <Filter>Source Files</Filter>
    </ClCompile>
    <ClCompile Include="Utility.cpp">
      <Filter>Source Files</Filter>
    </ClCompile>
    <ClCompile Include="Value.cpp">
      <Filter>Source Files</Filter>
    </ClCompile>
    <ClCompile Include="Var.cpp">
      <Filter>Source Files</Filter>
    </ClCompile>
    <ClCompile Include="xstoul.cpp">
      <Filter>Source Files</Filter>
    </ClCompile>
    <ClCompile Include="xtolower.cpp">
      <Filter>Source Files</Filter>
    </ClCompile>
    <ClCompile Include="Bigfoot.cpp">
      <Filter>Source Files</Filter>
    </ClCompile>
    <ClCompile Include="BigfootCSE.cpp">
      <Filter>Source Files</Filter>
    </ClCompile>
    <ClCompile Include="i386.cpp">
      <Filter>Source Files</Filter>
    </ClCompile>
    <ClCompile Include="machines\Qupls\Qupls.cpp">
      <Filter>Source Files</Filter>
    </ClCompile>
    <ClCompile Include="machines\Qupls\QuplsCSE.cpp">
      <Filter>Source Files</Filter>
    </ClCompile>
    <ClCompile Include="machines\LB650\LB650.cpp">
      <Filter>Source Files</Filter>
    </ClCompile>
    <ClCompile Include="machines\LB650\LB650CSE.cpp">
      <Filter>Source Files</Filter>
    </ClCompile>
  </ItemGroup>
  <ItemGroup>
    <ClInclude Include="compat.h">
      <Filter>Header Files</Filter>
    </ClInclude>
    <ClInclude Include="const.h">
      <Filter>Header Files</Filter>
    </ClInclude>
    <ClInclude Include="cpu.h">
      <Filter>Header Files</Filter>
    </ClInclude>
    <ClInclude Include="Expr.h">
      <Filter>Header Files</Filter>
    </ClInclude>
    <ClInclude Include="Float128.h">
      <Filter>Header Files</Filter>
    </ClInclude>
    <ClInclude Include="Gen.h">
      <Filter>Header Files</Filter>
    </ClInclude>
    <ClInclude Include="glo.h">
      <Filter>Header Files</Filter>
    </ClInclude>
    <ClInclude Include="Int80.h">
      <Filter>Header Files</Filter>
    </ClInclude>
    <ClInclude Include="Int128.h">
      <Filter>Header Files</Filter>
    </ClInclude>
    <ClInclude Include="Int256.h">
      <Filter>Header Files</Filter>
    </ClInclude>
    <ClInclude Include="types.h">
      <Filter>Header Files</Filter>
    </ClInclude>
    <ClInclude Include="txtStream.h">
      <Filter>Header Files</Filter>
    </ClInclude>
    <ClInclude Include="targetver.h">
      <Filter>Header Files</Filter>
    </ClInclude>
    <ClInclude Include="stdafx.h">
      <Filter>Header Files</Filter>
    </ClInclude>
    <ClInclude Include="Statement.h">
      <Filter>Header Files</Filter>
    </ClInclude>
    <ClInclude Include="set.h">
      <Filter>Header Files</Filter>
    </ClInclude>
    <ClInclude Include="rand.h">
      <Filter>Header Files</Filter>
    </ClInclude>
    <ClInclude Include="proto.h">
      <Filter>Header Files</Filter>
    </ClInclude>
    <ClInclude Include="Posit64.h">
      <Filter>Header Files</Filter>
    </ClInclude>
  </ItemGroup>
</Project>